
Microsoft Visual Studio Solution File, Format Version 12.00
# Visual Studio Version 16
VisualStudioVersion = 16.0.31129.286
MinimumVisualStudioVersion = 10.0.40219.1
Project("{FAE04EC0-301F-11D3-BF4B-00C04F79EFBC}") = "WebServiceAllers", "WebServiceAllers\WebServiceAllers.csproj", "{CA2FFFD3-18F4-48DF-B542-0F8E0D17BAA1}"
EndProject
Global
	GlobalSection(SolutionConfigurationPlatforms) = preSolution
		Debug|Any CPU = Debug|Any CPU
		Release|Any CPU = Release|Any CPU
	EndGlobalSection
	GlobalSection(ProjectConfigurationPlatforms) = postSolution
		{CA2FFFD3-18F4-48DF-B542-0F8E0D17BAA1}.Debug|Any CPU.ActiveCfg = Debug|Any CPU
		{CA2FFFD3-18F4-48DF-B542-0F8E0D17BAA1}.Debug|Any CPU.Build.0 = Debug|Any CPU
		{CA2FFFD3-18F4-48DF-B542-0F8E0D17BAA1}.Release|Any CPU.ActiveCfg = Release|Any CPU
		{CA2FFFD3-18F4-48DF-B542-0F8E0D17BAA1}.Release|Any CPU.Build.0 = Release|Any CPU
	EndGlobalSection
	GlobalSection(SolutionProperties) = preSolution
		HideSolutionNode = FALSE
	EndGlobalSection
	GlobalSection(ExtensibilityGlobals) = postSolution
		SolutionGuid = {57BDAEBA-A518-4BE1-ABFA-79761CE96912}
	EndGlobalSection
	GlobalSection(TeamFoundationVersionControl) = preSolution
		SccNumberOfProjects = 2
		SccEnterpriseProvider = {4CA58AB2-18FA-4F8D-95D4-32DDF27D184C}
		SccTeamFoundationServer = https://ptksourcecode.visualstudio.com/
		SccLocalPath0 = .
		SccProjectUniqueName1 = WebServiceAllers\\WebServiceAllers.csproj
		SccProjectName1 = WebServiceAllers
		SccLocalPath1 = WebServiceAllers
	EndGlobalSection
EndGlobal
